// !$*UTF8*$!
{
	archiveVersion = 1;
	classes = {
	};
	objectVersion = 50;
	objects = {

/* Begin PBXBuildFile section */
		DC19AC0C267436D700DAB68A /* LandmarksApp.swift in Sources */ = {isa = PBXBuildFile; fileRef = DC19ABF9267436D600DAB68A /* LandmarksApp.swift */; };
		DC19AC0D267436D700DAB68A /* LandmarksApp.swift in Sources */ = {isa = PBXBuildFile; fileRef = DC19ABF9267436D600DAB68A /* LandmarksApp.swift */; };
		DC19AC0E267436D700DAB68A /* ContentView.swift in Sources */ = {isa = PBXBuildFile; fileRef = DC19ABFA267436D600DAB68A /* ContentView.swift */; };
		DC19AC0F267436D700DAB68A /* ContentView.swift in Sources */ = {isa = PBXBuildFile; fileRef = DC19ABFA267436D600DAB68A /* ContentView.swift */; };
		DC19AC10267436D700DAB68A /* Assets.xcassets in Resources */ = {isa = PBXBuildFile; fileRef = DC19ABFB267436D700DAB68A /* Assets.xcassets */; };
		DC19AC11267436D700DAB68A /* Assets.xcassets in Resources */ = {isa = PBXBuildFile; fileRef = DC19ABFB267436D700DAB68A /* Assets.xcassets */; };
		DC19AC1B26743B8900DAB68A /* CircleImage.swift in Sources */ = {isa = PBXBuildFile; fileRef = DC19AC1A26743B8900DAB68A /* CircleImage.swift */; };
		DC19AC1C26743B8900DAB68A /* CircleImage.swift in Sources */ = {isa = PBXBuildFile; fileRef = DC19AC1A26743B8900DAB68A /* CircleImage.swift */; };
		DC19AC1E26743C8500DAB68A /* MapView.swift in Sources */ = {isa = PBXBuildFile; fileRef = DC19AC1D26743C8500DAB68A /* MapView.swift */; };
		DC19AC1F26743C8500DAB68A /* MapView.swift in Sources */ = {isa = PBXBuildFile; fileRef = DC19AC1D26743C8500DAB68A /* MapView.swift */; };
/* End PBXBuildFile section */

/* Begin PBXFileReference section */
		DC19ABF9267436D600DAB68A /* LandmarksApp.swift */ = {isa = PBXFileReference; lastKnownFileType = sourcecode.swift; path = LandmarksApp.swift; sourceTree = "<group>"; };
		DC19ABFA267436D600DAB68A /* ContentView.swift */ = {isa = PBXFileReference; lastKnownFileType = sourcecode.swift; path = ContentView.swift; sourceTree = "<group>"; };
		DC19ABFB267436D700DAB68A /* Assets.xcassets */ = {isa = PBXFileReference; lastKnownFileType = folder.assetcatalog; path = Assets.xcassets; sourceTree = "<group>"; };
		DC19AC00267436D700DAB68A /* Landmarks.app */ = {isa = PBXFileReference; explicitFileType = wrapper.application; includeInIndex = 0; path = Landmarks.app; sourceTree = BUILT_PRODUCTS_DIR; };
		DC19AC03267436D700DAB68A /* Info.plist */ = {isa = PBXFileReference; lastKnownFileType = text.plist.xml; path = Info.plist; sourceTree = "<group>"; };
		DC19AC08267436D700DAB68A /* Landmarks.app */ = {isa = PBXFileReference; explicitFileType = wrapper.application; includeInIndex = 0; path = Landmarks.app; sourceTree = BUILT_PRODUCTS_DIR; };
		DC19AC0A267436D700DAB68A /* Info.plist */ = {isa = PBXFileReference; lastKnownFileType = text.plist.xml; path = Info.plist; sourceTree = "<group>"; };
		DC19AC0B267436D700DAB68A /* macOS.entitlements */ = {isa = PBXFileReference; lastKnownFileType = text.plist.entitlements; path = macOS.entitlements; sourceTree = "<group>"; };
		DC19AC1A26743B8900DAB68A /* CircleImage.swift */ = {isa = PBXFileReference; lastKnownFileType = sourcecode.swift; path = CircleImage.swift; sourceTree = "<group>"; };
		DC19AC1D26743C8500DAB68A /* MapView.swift */ = {isa = PBXFileReference; lastKnownFileType = sourcecode.swift; path = MapView.swift; sourceTree = "<group>"; };
/* End PBXFileReference section */

/* Begin PBXFrameworksBuildPhase section */
		DC19ABFD267436D700DAB68A /* Frameworks */ = {
			isa = PBXFrameworksBuildPhase;
			buildActionMask = 2147483647;
			files = (
			);
			runOnlyForDeploymentPostprocessing = 0;
		};
		DC19AC05267436D700DAB68A /* Frameworks */ = {
			isa = PBXFrameworksBuildPhase;
			buildActionMask = 2147483647;
			files = (
			);
			runOnlyForDeploymentPostprocessing = 0;
		};
/* End PBXFrameworksBuildPhase section */

/* Begin PBXGroup section */
		DC19ABF3267436D600DAB68A = {
			isa = PBXGroup;
			children = (
				DC19ABF8267436D600DAB68A /* Shared */,
				DC19AC02267436D700DAB68A /* iOS */,
				DC19AC09267436D700DAB68A /* macOS */,
				DC19AC01267436D700DAB68A /* Products */,
			);
			sourceTree = "<group>";
		};
		DC19ABF8267436D600DAB68A /* Shared */ = {
			isa = PBXGroup;
			children = (
				DC19ABF9267436D600DAB68A /* LandmarksApp.swift */,
				DC19ABFA267436D600DAB68A /* ContentView.swift */,
				DC19AC1A26743B8900DAB68A /* CircleImage.swift */,
				DC19AC1D26743C8500DAB68A /* MapView.swift */,
				DC19ABFB267436D700DAB68A /* Assets.xcassets */,
			);
			path = Shared;
			sourceTree = "<group>";
		};
		DC19AC01267436D700DAB68A /* Products */ = {
			isa = PBXGroup;
			children = (
				DC19AC00267436D700DAB68A /* Landmarks.app */,
				DC19AC08267436D700DAB68A /* Landmarks.app */,
			);
			name = Products;
			sourceTree = "<group>";
		};
		DC19AC02267436D700DAB68A /* iOS */ = {
			isa = PBXGroup;
			children = (
				DC19AC03267436D700DAB68A /* Info.plist */,
			);
			path = iOS;
			sourceTree = "<group>";
		};
		DC19AC09267436D700DAB68A /* macOS */ = {
			isa = PBXGroup;
			children = (
				DC19AC0A267436D700DAB68A /* Info.plist */,
				DC19AC0B267436D700DAB68A /* macOS.entitlements */,
			);
			path = macOS;
			sourceTree = "<group>";
		};
/* End PBXGroup section */

/* Begin PBXNativeTarget section */
		DC19ABFF267436D700DAB68A /* Landmarks (iOS) */ = {
			isa = PBXNativeTarget;
			buildConfigurationList = DC19AC14267436D700DAB68A /* Build configuration list for PBXNativeTarget "Landmarks (iOS)" */;
			buildPhases = (
				DC19ABFC267436D700DAB68A /* Sources */,
				DC19ABFD267436D700DAB68A /* Frameworks */,
				DC19ABFE267436D700DAB68A /* Resources */,
			);
			buildRules = (
			);
			dependencies = (
			);
			name = "Landmarks (iOS)";
			productName = "Landmarks (iOS)";
			productReference = DC19AC00267436D700DAB68A /* Landmarks.app */;
			productType = "com.apple.product-type.application";
		};
		DC19AC07267436D700DAB68A /* Landmarks (macOS) */ = {
			isa = PBXNativeTarget;
			buildConfigurationList = DC19AC17267436D700DAB68A /* Build configuration list for PBXNativeTarget "Landmarks (macOS)" */;
			buildPhases = (
				DC19AC04267436D700DAB68A /* Sources */,
				DC19AC05267436D700DAB68A /* Frameworks */,
				DC19AC06267436D700DAB68A /* Resources */,
			);
			buildRules = (
			);
			dependencies = (
			);
			name = "Landmarks (macOS)";
			productName = "Landmarks (macOS)";
			productReference = DC19AC08267436D700DAB68A /* Landmarks.app */;
			productType = "com.apple.product-type.application";
		};
/* End PBXNativeTarget section */

/* Begin PBXProject section */
		DC19ABF4267436D600DAB68A /* Project object */ = {
			isa = PBXProject;
			attributes = {
				LastSwiftUpdateCheck = 1250;
				LastUpgradeCheck = 1250;
				TargetAttributes = {
					DC19ABFF267436D700DAB68A = {
						CreatedOnToolsVersion = 12.5;
					};
					DC19AC07267436D700DAB68A = {
						CreatedOnToolsVersion = 12.5;
					};
				};
			};
			buildConfigurationList = DC19ABF7267436D600DAB68A /* Build configuration list for PBXProject "Landmarks" */;
			compatibilityVersion = "Xcode 9.3";
			developmentRegion = en;
			hasScannedForEncodings = 0;
			knownRegions = (
				en,
				Base,
			);
			mainGroup = DC19ABF3267436D600DAB68A;
			productRefGroup = DC19AC01267436D700DAB68A /* Products */;
			projectDirPath = "";
			projectRoot = "";
			targets = (
				DC19ABFF267436D700DAB68A /* Landmarks (iOS) */,
				DC19AC07267436D700DAB68A /* Landmarks (macOS) */,
			);
		};
/* End PBXProject section */

/* Begin PBXResourcesBuildPhase section */
		DC19ABFE267436D700DAB68A /* Resources */ = {
			isa = PBXResourcesBuildPhase;
			buildActionMask = 2147483647;
			files = (
				DC19AC10267436D700DAB68A /* Assets.xcassets in Resources */,
			);
			runOnlyForDeploymentPostprocessing = 0;
		};
		DC19AC06267436D700DAB68A /* Resources */ = {
			isa = PBXResourcesBuildPhase;
			buildActionMask = 2147483647;
			files = (
				DC19AC11267436D700DAB68A /* Assets.xcassets in Resources */,
			);
			runOnlyForDeploymentPostprocessing = 0;
		};
/* End PBXResourcesBuildPhase section */

/* Begin PBXSourcesBuildPhase section */
		DC19ABFC267436D700DAB68A /* Sources */ = {
			isa = PBXSourcesBuildPhase;
			buildActionMask = 2147483647;
			files = (
				DC19AC0E267436D700DAB68A /* ContentView.swift in Sources */,
				DC19AC1E26743C8500DAB68A /* MapView.swift in Sources */,
				DC19AC0C267436D700DAB68A /* LandmarksApp.swift in Sources */,
				DC19AC1B26743B8900DAB68A /* CircleImage.swift in Sources */,
			);
			runOnlyForDeploymentPostprocessing = 0;
		};
		DC19AC04267436D700DAB68A /* Sources */ = {
			isa = PBXSourcesBuildPhase;
			buildActionMask = 2147483647;
			files = (
				DC19AC0F267436D700DAB68A /* ContentView.swift in Sources */,
				DC19AC1F26743C8500DAB68A /* MapView.swift in Sources */,
				DC19AC0D267436D700DAB68A /* LandmarksApp.swift in Sources */,
				DC19AC1C26743B8900DAB68A /* CircleImage.swift in Sources */,
			);
			runOnlyForDeploymentPostprocessing = 0;
		};
/* End PBXSourcesBuildPhase section */

/* Begin XCBuildConfiguration section */
		DC19AC12267436D700DAB68A /* Debug */ = {
			isa = XCBuildConfiguration;
			buildSettings = {
				ALWAYS_SEARCH_USER_PATHS = NO;
				CLANG_ANALYZER_NONNULL = YES;
				CLANG_ANALYZER_NUMBER_OBJECT_CONVERSION = YES_AGGRESSIVE;
				CLANG_CXX_LANGUAGE_STANDARD = "gnu++14";
				CLANG_CXX_LIBRARY = "libc++";
				CLANG_ENABLE_MODULES = YES;
				CLANG_ENABLE_OBJC_ARC = YES;
				CLANG_ENABLE_OBJC_WEAK = YES;
				CLANG_WARN_BLOCK_CAPTURE_AUTORELEASING = YES;
				CLANG_WARN_BOOL_CONVERSION = YES;
				CLANG_WARN_COMMA = YES;
				CLANG_WARN_CONSTANT_CONVERSION = YES;
				CLANG_WARN_DEPRECATED_OBJC_IMPLEMENTATIONS = YES;
				CLANG_WARN_DIRECT_OBJC_ISA_USAGE = YES_ERROR;
				CLANG_WARN_DOCUMENTATION_COMMENTS = YES;
				CLANG_WARN_EMPTY_BODY = YES;
				CLANG_WARN_ENUM_CONVERSION = YES;
				CLANG_WARN_INFINITE_RECURSION = YES;
				CLANG_WARN_INT_CONVERSION = YES;
				CLANG_WARN_NON_LITERAL_NULL_CONVERSION = YES;
				CLANG_WARN_OBJC_IMPLICIT_RETAIN_SELF = YES;
				CLANG_WARN_OBJC_LITERAL_CONVERSION = YES;
				CLANG_WARN_OBJC_ROOT_CLASS = YES_ERROR;
				CLANG_WARN_QUOTED_INCLUDE_IN_FRAMEWORK_HEADER = YES;
				CLANG_WARN_RANGE_LOOP_ANALYSIS = YES;
				CLANG_WARN_STRICT_PROTOTYPES = YES;
				CLANG_WARN_SUSPICIOUS_MOVE = YES;
				CLANG_WARN_UNGUARDED_AVAILABILITY = YES_AGGRESSIVE;
				CLANG_WARN_UNREACHABLE_CODE = YES;
				CLANG_WARN__DUPLICATE_METHOD_MATCH = YES;
				COPY_PHASE_STRIP = NO;
				DEBUG_INFORMATION_FORMAT = dwarf;
				ENABLE_STRICT_OBJC_MSGSEND = YES;
				ENABLE_TESTABILITY = YES;
				GCC_C_LANGUAGE_STANDARD = gnu11;
				GCC_DYNAMIC_NO_PIC = NO;
				GCC_NO_COMMON_BLOCKS = YES;
				GCC_OPTIMIZATION_LEVEL = 0;
				GCC_PREPROCESSOR_DEFINITIONS = (
					"DEBUG=1",
					"$(inherited)",
				);
				GCC_WARN_64_TO_32_BIT_CONVERSION = YES;
				GCC_WARN_ABOUT_RETURN_TYPE = YES_ERROR;
				GCC_WARN_UNDECLARED_SELECTOR = YES;
				GCC_WARN_UNINITIALIZED_AUTOS = YES_AGGRESSIVE;
				GCC_WARN_UNUSED_FUNCTION = YES;
				GCC_WARN_UNUSED_VARIABLE = YES;
				MTL_ENABLE_DEBUG_INFO = INCLUDE_SOURCE;
				MTL_FAST_MATH = YES;
				ONLY_ACTIVE_ARCH = YES;
				SWIFT_ACTIVE_COMPILATION_CONDITIONS = DEBUG;
				SWIFT_OPTIMIZATION_LEVEL = "-Onone";
			};
			name = Debug;
		};
		DC19AC13267436D700DAB68A /* Release */ = {
			isa = XCBuildConfiguration;
			buildSettings = {
				ALWAYS_SEARCH_USER_PATHS = NO;
				CLANG_ANALYZER_NONNULL = YES;
				CLANG_ANALYZER_NUMBER_OBJECT_CONVERSION = YES_AGGRESSIVE;
				CLANG_CXX_LANGUAGE_STANDARD = "gnu++14";
				CLANG_CXX_LIBRARY = "libc++";
				CLANG_ENABLE_MODULES = YES;
				CLANG_ENABLE_OBJC_ARC = YES;
				CLANG_ENABLE_OBJC_WEAK = YES;
				CLANG_WARN_BLOCK_CAPTURE_AUTORELEASING = YES;
				CLANG_WARN_BOOL_CONVERSION = YES;
				CLANG_WARN_COMMA = YES;
				CLANG_WARN_CONSTANT_CONVERSION = YES;
				CLANG_WARN_DEPRECATED_OBJC_IMPLEMENTATIONS = YES;
				CLANG_WARN_DIRECT_OBJC_ISA_USAGE = YES_ERROR;
				CLANG_WARN_DOCUMENTATION_COMMENTS = YES;
				CLANG_WARN_EMPTY_BODY = YES;
				CLANG_WARN_ENUM_CONVERSION = YES;
				CLANG_WARN_INFINITE_RECURSION = YES;
				CLANG_WARN_INT_CONVERSION = YES;
				CLANG_WARN_NON_LITERAL_NULL_CONVERSION = YES;
				CLANG_WARN_OBJC_IMPLICIT_RETAIN_SELF = YES;
				CLANG_WARN_OBJC_LITERAL_CONVERSION = YES;
				CLANG_WARN_OBJC_ROOT_CLASS = YES_ERROR;
				CLANG_WARN_QUOTED_INCLUDE_IN_FRAMEWORK_HEADER = YES;
				CLANG_WARN_RANGE_LOOP_ANALYSIS = YES;
				CLANG_WARN_STRICT_PROTOTYPES = YES;
				CLANG_WARN_SUSPICIOUS_MOVE = YES;
				CLANG_WARN_UNGUARDED_AVAILABILITY = YES_AGGRESSIVE;
				CLANG_WARN_UNREACHABLE_CODE = YES;
				CLANG_WARN__DUPLICATE_METHOD_MATCH = YES;
				COPY_PHASE_STRIP = NO;
				DEBUG_INFORMATION_FORMAT = "dwarf-with-dsym";
				ENABLE_NS_ASSERTIONS = NO;
				ENABLE_STRICT_OBJC_MSGSEND = YES;
				GCC_C_LANGUAGE_STANDARD = gnu11;
				GCC_NO_COMMON_BLOCKS = YES;
				GCC_WARN_64_TO_32_BIT_CONVERSION = YES;
				GCC_WARN_ABOUT_RETURN_TYPE = YES_ERROR;
				GCC_WARN_UNDECLARED_SELECTOR = YES;
				GCC_WARN_UNINITIALIZED_AUTOS = YES_AGGRESSIVE;
				GCC_WARN_UNUSED_FUNCTION = YES;
				GCC_WARN_UNUSED_VARIABLE = YES;
				MTL_ENABLE_DEBUG_INFO = NO;
				MTL_FAST_MATH = YES;
				SWIFT_COMPILATION_MODE = wholemodule;
				SWIFT_OPTIMIZATION_LEVEL = "-O";
			};
			name = Release;
		};
		DC19AC15267436D700DAB68A /* Debug */ = {
			isa = XCBuildConfiguration;
			buildSettings = {
				ASSETCATALOG_COMPILER_APPICON_NAME = AppIcon;
				ASSETCATALOG_COMPILER_GLOBAL_ACCENT_COLOR_NAME = AccentColor;
				CODE_SIGN_STYLE = Automatic;
				ENABLE_PREVIEWS = YES;
				INFOPLIST_FILE = iOS/Info.plist;
				IPHONEOS_DEPLOYMENT_TARGET = 14.0;
				LD_RUNPATH_SEARCH_PATHS = (
					"$(inherited)",
					"@executable_path/Frameworks",
				);
				PRODUCT_BUNDLE_IDENTIFIER = com.sample.dmoncada.Landmarks;
				PRODUCT_NAME = Landmarks;
				SDKROOT = iphoneos;
				SWIFT_VERSION = 5.0;
				TARGETED_DEVICE_FAMILY = "1,2";
			};
			name = Debug;
		};
		DC19AC16267436D700DAB68A /* Release */ = {
			isa = XCBuildConfiguration;
			buildSettings = {
				ASSETCATALOG_COMPILER_APPICON_NAME = AppIcon;
				ASSETCATALOG_COMPILER_GLOBAL_ACCENT_COLOR_NAME = AccentColor;
				CODE_SIGN_STYLE = Automatic;
				ENABLE_PREVIEWS = YES;
				INFOPLIST_FILE = iOS/Info.plist;
				IPHONEOS_DEPLOYMENT_TARGET = 14.0;
				LD_RUNPATH_SEARCH_PATHS = (
					"$(inherited)",
					"@executable_path/Frameworks",
				);
				PRODUCT_BUNDLE_IDENTIFIER = com.sample.dmoncada.Landmarks;
				PRODUCT_NAME = Landmarks;
				SDKROOT = iphoneos;
				SWIFT_VERSION = 5.0;
				TARGETED_DEVICE_FAMILY = "1,2";
				VALIDATE_PRODUCT = YES;
			};
			name = Release;
		};
		DC19AC18267436D700DAB68A /* Debug */ = {
			isa = XCBuildConfiguration;
			buildSettings = {
				ASSETCATALOG_COMPILER_APPICON_NAME = AppIcon;
				ASSETCATALOG_COMPILER_GLOBAL_ACCENT_COLOR_NAME = AccentColor;
				CODE_SIGN_ENTITLEMENTS = macOS/macOS.entitlements;
				CODE_SIGN_STYLE = Automatic;
				COMBINE_HIDPI_IMAGES = YES;
				ENABLE_PREVIEWS = YES;
				INFOPLIST_FILE = macOS/Info.plist;
				LD_RUNPATH_SEARCH_PATHS = (
					"$(inherited)",
					"@executable_path/../Frameworks",
				);
				MACOSX_DEPLOYMENT_TARGET = 11.0;
				PRODUCT_BUNDLE_IDENTIFIER = com.sample.dmoncada.Landmarks;
				PRODUCT_NAME = Landmarks;
				SDKROOT = macosx;
				SWIFT_VERSION = 5.0;
			};
			name = Debug;
		};
		DC19AC19267436D700DAB68A /* Release */ = {
			isa = XCBuildConfiguration;
			buildSettings = {
				ASSETCATALOG_COMPILER_APPICON_NAME = AppIcon;
				ASSETCATALOG_COMPILER_GLOBAL_ACCENT_COLOR_NAME = AccentColor;
				CODE_SIGN_ENTITLEMENTS = macOS/macOS.entitlements;
				CODE_SIGN_STYLE = Automatic;
				COMBINE_HIDPI_IMAGES = YES;
				ENABLE_PREVIEWS = YES;
				INFOPLIST_FILE = macOS/Info.plist;
				LD_RUNPATH_SEARCH_PATHS = (
					"$(inherited)",
					"@executable_path/../Frameworks",
				);
				MACOSX_DEPLOYMENT_TARGET = 11.0;
				PRODUCT_BUNDLE_IDENTIFIER = com.sample.dmoncada.Landmarks;
				PRODUCT_NAME = Landmarks;
				SDKROOT = macosx;
				SWIFT_VERSION = 5.0;
			};
			name = Release;
		};
/* End XCBuildConfiguration section */

/* Begin XCConfigurationList section */
		DC19ABF7267436D600DAB68A /* Build configuration list for PBXProject "Landmarks" */ = {
			isa = XCConfigurationList;
			buildConfigurations = (
				DC19AC12267436D700DAB68A /* Debug */,
				DC19AC13267436D700DAB68A /* Release */,
			);
			defaultConfigurationIsVisible = 0;
			defaultConfigurationName = Release;
		};
		DC19AC14267436D700DAB68A /* Build configuration list for PBXNativeTarget "Landmarks (iOS)" */ = {
			isa = XCConfigurationList;
			buildConfigurations = (
				DC19AC15267436D700DAB68A /* Debug */,
				DC19AC16267436D700DAB68A /* Release */,
			);
			defaultConfigurationIsVisible = 0;
			defaultConfigurationName = Release;
		};
		DC19AC17267436D700DAB68A /* Build configuration list for PBXNativeTarget "Landmarks (macOS)" */ = {
			isa = XCConfigurationList;
			buildConfigurations = (
				DC19AC18267436D700DAB68A /* Debug */,
				DC19AC19267436D700DAB68A /* Release */,
			);
			defaultConfigurationIsVisible = 0;
			defaultConfigurationName = Release;
		};
/* End XCConfigurationList section */
	};
	rootObject = DC19ABF4267436D600DAB68A /* Project object */;
}
